
Microsoft Visual Studio Solution File, Format Version 12.00
# Visual Studio Version 17
VisualStudioVersion = 17.4.33213.308
MinimumVisualStudioVersion = 10.0.40219.1
Project("{FAE04EC0-301F-11D3-BF4B-00C04F79EFBC}") = "ClassHierarchy", "ClassHierarchy\ClassHierarchy.csproj", "{18F770ED-B340-4C0F-A433-263E07A8DA6A}"
EndProject
Global
	GlobalSection(SolutionConfigurationPlatforms) = preSolution
		Debug|Any CPU = Debug|Any CPU
		Release|Any CPU = Release|Any CPU
	EndGlobalSection
	GlobalSection(ProjectConfigurationPlatforms) = postSolution
		{18F770ED-B340-4C0F-A433-263E07A8DA6A}.Debug|Any CPU.ActiveCfg = Debug|Any CPU
		{18F770ED-B340-4C0F-A433-263E07A8DA6A}.Debug|Any CPU.Build.0 = Debug|Any CPU
		{18F770ED-B340-4C0F-A433-263E07A8DA6A}.Release|Any CPU.ActiveCfg = Release|Any CPU
		{18F770ED-B340-4C0F-A433-263E07A8DA6A}.Release|Any CPU.Build.0 = Release|Any CPU
	EndGlobalSection
	GlobalSection(SolutionProperties) = preSolution
		HideSolutionNode = FALSE
	EndGlobalSection
	GlobalSection(ExtensibilityGlobals) = postSolution
		SolutionGuid = {C2FBF4CF-B48F-431E-A0A1-EDE964D9793F}
	EndGlobalSection
EndGlobal
